
Microsoft Visual Studio Solution File, Format Version 12.00
# Visual Studio Version 16
VisualStudioVersion = 16.0.29920.165
MinimumVisualStudioVersion = 10.0.40219.1
Project("{FAE04EC0-301F-11D3-BF4B-00C04F79EFBC}") = "AttestationsGenerator", "AttestationsGenerator\AttestationsGenerator.csproj", "{94236D11-8EB8-4520-B2D0-FD5B85F872C1}"
EndProject
Project("{54435603-DBB4-11D2-8724-00A0C9A8B90C}") = "Setup", "Setup\Setup.vdproj", "{517921C3-F0DE-460C-B397-F2ED85DC8033}"
EndProject
Global
	GlobalSection(SolutionConfigurationPlatforms) = preSolution
		Debug|Any CPU = Debug|Any CPU
		Release|Any CPU = Release|Any CPU
	EndGlobalSection
	GlobalSection(ProjectConfigurationPlatforms) = postSolution
		{94236D11-8EB8-4520-B2D0-FD5B85F872C1}.Debug|Any CPU.ActiveCfg = Debug|Any CPU
		{94236D11-8EB8-4520-B2D0-FD5B85F872C1}.Debug|Any CPU.Build.0 = Debug|Any CPU
		{94236D11-8EB8-4520-B2D0-FD5B85F872C1}.Release|Any CPU.ActiveCfg = Release|Any CPU
		{94236D11-8EB8-4520-B2D0-FD5B85F872C1}.Release|Any CPU.Build.0 = Release|Any CPU
		{517921C3-F0DE-460C-B397-F2ED85DC8033}.Debug|Any CPU.ActiveCfg = Debug
		{517921C3-F0DE-460C-B397-F2ED85DC8033}.Release|Any CPU.ActiveCfg = Release
		{517921C3-F0DE-460C-B397-F2ED85DC8033}.Release|Any CPU.Build.0 = Release
	EndGlobalSection
	GlobalSection(SolutionProperties) = preSolution
		HideSolutionNode = FALSE
	EndGlobalSection
	GlobalSection(ExtensibilityGlobals) = postSolution
		SolutionGuid = {54B156BC-1A0A-4B91-943E-6F7C1491F8CE}
	EndGlobalSection
EndGlobal
